
Microsoft Visual Studio Solution File, Format Version 12.00
# Visual Studio Version 17
VisualStudioVersion = 17.9.34622.214
MinimumVisualStudioVersion = 10.0.40219.1
Project("{FAE04EC0-301F-11D3-BF4B-00C04F79EFBC}") = "trabalho_POO", "trabalho_POO\trabalho_POO.csproj", "{D4BFBBB8-3B14-411F-892B-4FCF524BF74F}"
EndProject
Global
	GlobalSection(SolutionConfigurationPlatforms) = preSolution
		Debug|Any CPU = Debug|Any CPU
		Release|Any CPU = Release|Any CPU
	EndGlobalSection
	GlobalSection(ProjectConfigurationPlatforms) = postSolution
		{D4BFBBB8-3B14-411F-892B-4FCF524BF74F}.Debug|Any CPU.ActiveCfg = Debug|Any CPU
		{D4BFBBB8-3B14-411F-892B-4FCF524BF74F}.Debug|Any CPU.Build.0 = Debug|Any CPU
		{D4BFBBB8-3B14-411F-892B-4FCF524BF74F}.Release|Any CPU.ActiveCfg = Release|Any CPU
		{D4BFBBB8-3B14-411F-892B-4FCF524BF74F}.Release|Any CPU.Build.0 = Release|Any CPU
	EndGlobalSection
	GlobalSection(SolutionProperties) = preSolution
		HideSolutionNode = FALSE
	EndGlobalSection
	GlobalSection(ExtensibilityGlobals) = postSolution
		SolutionGuid = {DF34BD4A-49B6-4C62-B7CE-1E2B93467B7E}
	EndGlobalSection
EndGlobal
